
Microsoft Visual Studio Solution File, Format Version 12.00
# Visual Studio Version 17
VisualStudioVersion = 17.9.34701.34
MinimumVisualStudioVersion = 10.0.40219.1
Project("{FAE04EC0-301F-11D3-BF4B-00C04F79EFBC}") = "ProvaCleanArch.Api", "ProvaCleanArch\ProvaCleanArch.Api.csproj", "{C6555B5D-3FF9-4654-B8C9-592ED48D4293}"
EndProject
Project("{FAE04EC0-301F-11D3-BF4B-00C04F79EFBC}") = "ProvaCleanArch.Domain", "ProvaCleanArch.Domain\ProvaCleanArch.Domain.csproj", "{185F7666-DA9A-4483-ADC6-37829FB15818}"
EndProject
Project("{FAE04EC0-301F-11D3-BF4B-00C04F79EFBC}") = "ProvaCleanArch.Data", "ProvaCleanArch.Data\ProvaCleanArch.Data.csproj", "{25895E14-38AE-4BAF-A365-9211E1CBE52A}"
EndProject
Global
	GlobalSection(SolutionConfigurationPlatforms) = preSolution
		Debug|Any CPU = Debug|Any CPU
		Release|Any CPU = Release|Any CPU
	EndGlobalSection
	GlobalSection(ProjectConfigurationPlatforms) = postSolution
		{C6555B5D-3FF9-4654-B8C9-592ED48D4293}.Debug|Any CPU.ActiveCfg = Debug|Any CPU
		{C6555B5D-3FF9-4654-B8C9-592ED48D4293}.Debug|Any CPU.Build.0 = Debug|Any CPU
		{C6555B5D-3FF9-4654-B8C9-592ED48D4293}.Release|Any CPU.ActiveCfg = Release|Any CPU
		{C6555B5D-3FF9-4654-B8C9-592ED48D4293}.Release|Any CPU.Build.0 = Release|Any CPU
		{185F7666-DA9A-4483-ADC6-37829FB15818}.Debug|Any CPU.ActiveCfg = Debug|Any CPU
		{185F7666-DA9A-4483-ADC6-37829FB15818}.Debug|Any CPU.Build.0 = Debug|Any CPU
		{185F7666-DA9A-4483-ADC6-37829FB15818}.Release|Any CPU.ActiveCfg = Release|Any CPU
		{185F7666-DA9A-4483-ADC6-37829FB15818}.Release|Any CPU.Build.0 = Release|Any CPU
		{25895E14-38AE-4BAF-A365-9211E1CBE52A}.Debug|Any CPU.ActiveCfg = Debug|Any CPU
		{25895E14-38AE-4BAF-A365-9211E1CBE52A}.Debug|Any CPU.Build.0 = Debug|Any CPU
		{25895E14-38AE-4BAF-A365-9211E1CBE52A}.Release|Any CPU.ActiveCfg = Release|Any CPU
		{25895E14-38AE-4BAF-A365-9211E1CBE52A}.Release|Any CPU.Build.0 = Release|Any CPU
	EndGlobalSection
	GlobalSection(SolutionProperties) = preSolution
		HideSolutionNode = FALSE
	EndGlobalSection
	GlobalSection(ExtensibilityGlobals) = postSolution
		SolutionGuid = {FBDDEF84-4452-4DA9-A192-9E2D12D3191E}
	EndGlobalSection
EndGlobal
